// !$*UTF8*$!
{
	archiveVersion = 1;
	classes = {
	};
	objectVersion = 50;
	objects = {

/* Begin PBXBuildFile section */
		BDFDC6D523450F6800DE5F41 /* AppDelegate.swift in Sources */ = {isa = PBXBuildFile; fileRef = BDFDC6D423450F6800DE5F41 /* AppDelegate.swift */; };
		BDFDC6D723450F6800DE5F41 /* ViewController.swift in Sources */ = {isa = PBXBuildFile; fileRef = BDFDC6D623450F6800DE5F41 /* ViewController.swift */; };
		BDFDC6DA23450F6800DE5F41 /* Main.storyboard in Resources */ = {isa = PBXBuildFile; fileRef = BDFDC6D823450F6800DE5F41 /* Main.storyboard */; };
		BDFDC6DC23450F6800DE5F41 /* Assets.xcassets in Resources */ = {isa = PBXBuildFile; fileRef = BDFDC6DB23450F6800DE5F41 /* Assets.xcassets */; };
		BDFDC6DF23450F6800DE5F41 /* LaunchScreen.storyboard in Resources */ = {isa = PBXBuildFile; fileRef = BDFDC6DD23450F6800DE5F41 /* LaunchScreen.storyboard */; };
		BDFDC6EA23450F6800DE5F41 /* ComponentsSampleTests.swift in Sources */ = {isa = PBXBuildFile; fileRef = BDFDC6E923450F6800DE5F41 /* ComponentsSampleTests.swift */; };
		BDFDC70423450F9800DE5F41 /* Components.framework in Frameworks */ = {isa = PBXBuildFile; fileRef = BDFDC70323450F9800DE5F41 /* Components.framework */; };
/* End PBXBuildFile section */

/* Begin PBXContainerItemProxy section */
		BDFDC6E623450F6800DE5F41 /* PBXContainerItemProxy */ = {
			isa = PBXContainerItemProxy;
			containerPortal = BDFDC6C923450F6800DE5F41 /* Project object */;
			proxyType = 1;
			remoteGlobalIDString = BDFDC6D023450F6800DE5F41;
			remoteInfo = ComponentsSample;
		};
/* End PBXContainerItemProxy section */

/* Begin PBXFileReference section */
		BDFDC6D123450F6800DE5F41 /* ComponentsSample.app */ = {isa = PBXFileReference; explicitFileType = wrapper.application; includeInIndex = 0; path = ComponentsSample.app; sourceTree = BUILT_PRODUCTS_DIR; };
		BDFDC6D423450F6800DE5F41 /* AppDelegate.swift */ = {isa = PBXFileReference; lastKnownFileType = sourcecode.swift; path = AppDelegate.swift; sourceTree = "<group>"; };
		BDFDC6D623450F6800DE5F41 /* ViewController.swift */ = {isa = PBXFileReference; lastKnownFileType = sourcecode.swift; path = ViewController.swift; sourceTree = "<group>"; };
		BDFDC6D923450F6800DE5F41 /* Base */ = {isa = PBXFileReference; lastKnownFileType = file.storyboard; name = Base; path = Base.lproj/Main.storyboard; sourceTree = "<group>"; };
		BDFDC6DB23450F6800DE5F41 /* Assets.xcassets */ = {isa = PBXFileReference; lastKnownFileType = folder.assetcatalog; path = Assets.xcassets; sourceTree = "<group>"; };
		BDFDC6DE23450F6800DE5F41 /* Base */ = {isa = PBXFileReference; lastKnownFileType = file.storyboard; name = Base; path = Base.lproj/LaunchScreen.storyboard; sourceTree = "<group>"; };
		BDFDC6E023450F6800DE5F41 /* Info.plist */ = {isa = PBXFileReference; lastKnownFileType = text.plist.xml; path = Info.plist; sourceTree = "<group>"; };
		BDFDC6E523450F6800DE5F41 /* ComponentsSampleTests.xctest */ = {isa = PBXFileReference; explicitFileType = wrapper.cfbundle; includeInIndex = 0; path = ComponentsSampleTests.xctest; sourceTree = BUILT_PRODUCTS_DIR; };
		BDFDC6E923450F6800DE5F41 /* ComponentsSampleTests.swift */ = {isa = PBXFileReference; lastKnownFileType = sourcecode.swift; path = ComponentsSampleTests.swift; sourceTree = "<group>"; };
		BDFDC6EB23450F6800DE5F41 /* Info.plist */ = {isa = PBXFileReference; lastKnownFileType = text.plist.xml; path = Info.plist; sourceTree = "<group>"; };
		BDFDC6FE23450F8D00DE5F41 /* Components.framework */ = {isa = PBXFileReference; explicitFileType = wrapper.framework; path = Components.framework; sourceTree = BUILT_PRODUCTS_DIR; };
		BDFDC70323450F9800DE5F41 /* Components.framework */ = {isa = PBXFileReference; explicitFileType = wrapper.framework; path = Components.framework; sourceTree = BUILT_PRODUCTS_DIR; };
/* End PBXFileReference section */

/* Begin PBXFrameworksBuildPhase section */
		BDFDC6CE23450F6800DE5F41 /* Frameworks */ = {
			isa = PBXFrameworksBuildPhase;
			buildActionMask = 2147483647;
			files = (
				BDFDC70423450F9800DE5F41 /* Components.framework in Frameworks */,
			);
			runOnlyForDeploymentPostprocessing = 0;
		};
		BDFDC6E223450F6800DE5F41 /* Frameworks */ = {
			isa = PBXFrameworksBuildPhase;
			buildActionMask = 2147483647;
			files = (
			);
			runOnlyForDeploymentPostprocessing = 0;
		};
/* End PBXFrameworksBuildPhase section */

/* Begin PBXGroup section */
		BDFDC6C823450F6800DE5F41 = {
			isa = PBXGroup;
			children = (
				BDFDC6FE23450F8D00DE5F41 /* Components.framework */,
				BDFDC6D323450F6800DE5F41 /* ComponentsSample */,
				BDFDC6E823450F6800DE5F41 /* ComponentsSampleTests */,
				BDFDC6D223450F6800DE5F41 /* Products */,
				BDFDC70223450F9800DE5F41 /* Frameworks */,
			);
			sourceTree = "<group>";
		};
		BDFDC6D223450F6800DE5F41 /* Products */ = {
			isa = PBXGroup;
			children = (
				BDFDC6D123450F6800DE5F41 /* ComponentsSample.app */,
				BDFDC6E523450F6800DE5F41 /* ComponentsSampleTests.xctest */,
			);
			name = Products;
			sourceTree = "<group>";
		};
		BDFDC6D323450F6800DE5F41 /* ComponentsSample */ = {
			isa = PBXGroup;
			children = (
				BDFDC6D423450F6800DE5F41 /* AppDelegate.swift */,
				BDFDC6D623450F6800DE5F41 /* ViewController.swift */,
				BDFDC6D823450F6800DE5F41 /* Main.storyboard */,
				BDFDC6DB23450F6800DE5F41 /* Assets.xcassets */,
				BDFDC6DD23450F6800DE5F41 /* LaunchScreen.storyboard */,
				BDFDC6E023450F6800DE5F41 /* Info.plist */,
			);
			path = ComponentsSample;
			sourceTree = "<group>";
		};
		BDFDC6E823450F6800DE5F41 /* ComponentsSampleTests */ = {
			isa = PBXGroup;
			children = (
				BDFDC6E923450F6800DE5F41 /* ComponentsSampleTests.swift */,
				BDFDC6EB23450F6800DE5F41 /* Info.plist */,
			);
			path = ComponentsSampleTests;
			sourceTree = "<group>";
		};
		BDFDC70223450F9800DE5F41 /* Frameworks */ = {
			isa = PBXGroup;
			children = (
				BDFDC70323450F9800DE5F41 /* Components.framework */,
			);
			name = Frameworks;
			sourceTree = "<group>";
		};
/* End PBXGroup section */

/* Begin PBXNativeTarget section */
		BDFDC6D023450F6800DE5F41 /* ComponentsSample */ = {
			isa = PBXNativeTarget;
			buildConfigurationList = BDFDC6EE23450F6800DE5F41 /* Build configuration list for PBXNativeTarget "ComponentsSample" */;
			buildPhases = (
				BDFDC6CD23450F6800DE5F41 /* Sources */,
				BDFDC6CE23450F6800DE5F41 /* Frameworks */,
				BDFDC6CF23450F6800DE5F41 /* Resources */,
				BDFDC6FD23450F7000DE5F41 /* ShellScript */,
			);
			buildRules = (
			);
			dependencies = (
			);
			name = ComponentsSample;
			productName = ComponentsSample;
			productReference = BDFDC6D123450F6800DE5F41 /* ComponentsSample.app */;
			productType = "com.apple.product-type.application";
		};
		BDFDC6E423450F6800DE5F41 /* ComponentsSampleTests */ = {
			isa = PBXNativeTarget;
			buildConfigurationList = BDFDC6F123450F6800DE5F41 /* Build configuration list for PBXNativeTarget "ComponentsSampleTests" */;
			buildPhases = (
				BDFDC6E123450F6800DE5F41 /* Sources */,
				BDFDC6E223450F6800DE5F41 /* Frameworks */,
				BDFDC6E323450F6800DE5F41 /* Resources */,
			);
			buildRules = (
			);
			dependencies = (
				BDFDC6E723450F6800DE5F41 /* PBXTargetDependency */,
			);
			name = ComponentsSampleTests;
			productName = ComponentsSampleTests;
			productReference = BDFDC6E523450F6800DE5F41 /* ComponentsSampleTests.xctest */;
			productType = "com.apple.product-type.bundle.unit-test";
		};
/* End PBXNativeTarget section */

/* Begin PBXProject section */
		BDFDC6C923450F6800DE5F41 /* Project object */ = {
			isa = PBXProject;
			attributes = {
				LastSwiftUpdateCheck = 1030;
				LastUpgradeCheck = 1030;
				ORGANIZATIONNAME = "BootcampCS-Set2019";
				TargetAttributes = {
					BDFDC6D023450F6800DE5F41 = {
						CreatedOnToolsVersion = 10.3;
					};
					BDFDC6E423450F6800DE5F41 = {
						CreatedOnToolsVersion = 10.3;
						TestTargetID = BDFDC6D023450F6800DE5F41;
					};
				};
			};
			buildConfigurationList = BDFDC6CC23450F6800DE5F41 /* Build configuration list for PBXProject "ComponentsSample" */;
			compatibilityVersion = "Xcode 9.3";
			developmentRegion = en;
			hasScannedForEncodings = 0;
			knownRegions = (
				en,
				Base,
			);
			mainGroup = BDFDC6C823450F6800DE5F41;
			productRefGroup = BDFDC6D223450F6800DE5F41 /* Products */;
			projectDirPath = "";
			projectRoot = "";
			targets = (
				BDFDC6D023450F6800DE5F41 /* ComponentsSample */,
				BDFDC6E423450F6800DE5F41 /* ComponentsSampleTests */,
			);
		};
/* End PBXProject section */

/* Begin PBXResourcesBuildPhase section */
		BDFDC6CF23450F6800DE5F41 /* Resources */ = {
			isa = PBXResourcesBuildPhase;
			buildActionMask = 2147483647;
			files = (
				BDFDC6DF23450F6800DE5F41 /* LaunchScreen.storyboard in Resources */,
				BDFDC6DC23450F6800DE5F41 /* Assets.xcassets in Resources */,
				BDFDC6DA23450F6800DE5F41 /* Main.storyboard in Resources */,
			);
			runOnlyForDeploymentPostprocessing = 0;
		};
		BDFDC6E323450F6800DE5F41 /* Resources */ = {
			isa = PBXResourcesBuildPhase;
			buildActionMask = 2147483647;
			files = (
			);
			runOnlyForDeploymentPostprocessing = 0;
		};
/* End PBXResourcesBuildPhase section */

/* Begin PBXShellScriptBuildPhase section */
		BDFDC6FD23450F7000DE5F41 /* ShellScript */ = {
			isa = PBXShellScriptBuildPhase;
			buildActionMask = 2147483647;
			files = (
			);
			inputFileListPaths = (
			);
			inputPaths = (
			);
			outputFileListPaths = (
			);
			outputPaths = (
			);
			runOnlyForDeploymentPostprocessing = 0;
			shellPath = /bin/sh;
			shellScript = "if which swiftlint >/dev/null; then\nswiftlint\nelse\necho “warning: SwiftLint not installed, download from https://github.com/realm/SwiftLint”\nfi\n";
		};
/* End PBXShellScriptBuildPhase section */

/* Begin PBXSourcesBuildPhase section */
		BDFDC6CD23450F6800DE5F41 /* Sources */ = {
			isa = PBXSourcesBuildPhase;
			buildActionMask = 2147483647;
			files = (
				BDFDC6D723450F6800DE5F41 /* ViewController.swift in Sources */,
				BDFDC6D523450F6800DE5F41 /* AppDelegate.swift in Sources */,
			);
			runOnlyForDeploymentPostprocessing = 0;
		};
		BDFDC6E123450F6800DE5F41 /* Sources */ = {
			isa = PBXSourcesBuildPhase;
			buildActionMask = 2147483647;
			files = (
				BDFDC6EA23450F6800DE5F41 /* ComponentsSampleTests.swift in Sources */,
			);
			runOnlyForDeploymentPostprocessing = 0;
		};
/* End PBXSourcesBuildPhase section */

/* Begin PBXTargetDependency section */
		BDFDC6E723450F6800DE5F41 /* PBXTargetDependency */ = {
			isa = PBXTargetDependency;
			target = BDFDC6D023450F6800DE5F41 /* ComponentsSample */;
			targetProxy = BDFDC6E623450F6800DE5F41 /* PBXContainerItemProxy */;
		};
/* End PBXTargetDependency section */

/* Begin PBXVariantGroup section */
		BDFDC6D823450F6800DE5F41 /* Main.storyboard */ = {
			isa = PBXVariantGroup;
			children = (
				BDFDC6D923450F6800DE5F41 /* Base */,
			);
			name = Main.storyboard;
			sourceTree = "<group>";
		};
		BDFDC6DD23450F6800DE5F41 /* LaunchScreen.storyboard */ = {
			isa = PBXVariantGroup;
			children = (
				BDFDC6DE23450F6800DE5F41 /* Base */,
			);
			name = LaunchScreen.storyboard;
			sourceTree = "<group>";
		};
/* End PBXVariantGroup section */

/* Begin XCBuildConfiguration section */
		BDFDC6EC23450F6800DE5F41 /* Debug */ = {
			isa = XCBuildConfiguration;
			buildSettings = {
				ALWAYS_SEARCH_USER_PATHS = NO;
				CLANG_ANALYZER_NONNULL = YES;
				CLANG_ANALYZER_NUMBER_OBJECT_CONVERSION = YES_AGGRESSIVE;
				CLANG_CXX_LANGUAGE_STANDARD = "gnu++14";
				CLANG_CXX_LIBRARY = "libc++";
				CLANG_ENABLE_MODULES = YES;
				CLANG_ENABLE_OBJC_ARC = YES;
				CLANG_ENABLE_OBJC_WEAK = YES;
				CLANG_WARN_BLOCK_CAPTURE_AUTORELEASING = YES;
				CLANG_WARN_BOOL_CONVERSION = YES;
				CLANG_WARN_COMMA = YES;
				CLANG_WARN_CONSTANT_CONVERSION = YES;
				CLANG_WARN_DEPRECATED_OBJC_IMPLEMENTATIONS = YES;
				CLANG_WARN_DIRECT_OBJC_ISA_USAGE = YES_ERROR;
				CLANG_WARN_DOCUMENTATION_COMMENTS = YES;
				CLANG_WARN_EMPTY_BODY = YES;
				CLANG_WARN_ENUM_CONVERSION = YES;
				CLANG_WARN_INFINITE_RECURSION = YES;
				CLANG_WARN_INT_CONVERSION = YES;
				CLANG_WARN_NON_LITERAL_NULL_CONVERSION = YES;
				CLANG_WARN_OBJC_IMPLICIT_RETAIN_SELF = YES;
				CLANG_WARN_OBJC_LITERAL_CONVERSION = YES;
				CLANG_WARN_OBJC_ROOT_CLASS = YES_ERROR;
				CLANG_WARN_RANGE_LOOP_ANALYSIS = YES;
				CLANG_WARN_STRICT_PROTOTYPES = YES;
				CLANG_WARN_SUSPICIOUS_MOVE = YES;
				CLANG_WARN_UNGUARDED_AVAILABILITY = YES_AGGRESSIVE;
				CLANG_WARN_UNREACHABLE_CODE = YES;
				CLANG_WARN__DUPLICATE_METHOD_MATCH = YES;
				CODE_SIGN_IDENTITY = "iPhone Developer";
				COPY_PHASE_STRIP = NO;
				DEBUG_INFORMATION_FORMAT = dwarf;
				ENABLE_STRICT_OBJC_MSGSEND = YES;
				ENABLE_TESTABILITY = YES;
				GCC_C_LANGUAGE_STANDARD = gnu11;
				GCC_DYNAMIC_NO_PIC = NO;
				GCC_NO_COMMON_BLOCKS = YES;
				GCC_OPTIMIZATION_LEVEL = 0;
				GCC_PREPROCESSOR_DEFINITIONS = (
					"DEBUG=1",
					"$(inherited)",
				);
				GCC_WARN_64_TO_32_BIT_CONVERSION = YES;
				GCC_WARN_ABOUT_RETURN_TYPE = YES_ERROR;
				GCC_WARN_UNDECLARED_SELECTOR = YES;
				GCC_WARN_UNINITIALIZED_AUTOS = YES_AGGRESSIVE;
				GCC_WARN_UNUSED_FUNCTION = YES;
				GCC_WARN_UNUSED_VARIABLE = YES;
				IPHONEOS_DEPLOYMENT_TARGET = 12.4;
				MTL_ENABLE_DEBUG_INFO = INCLUDE_SOURCE;
				MTL_FAST_MATH = YES;
				ONLY_ACTIVE_ARCH = YES;
				SDKROOT = iphoneos;
				SWIFT_ACTIVE_COMPILATION_CONDITIONS = DEBUG;
				SWIFT_OPTIMIZATION_LEVEL = "-Onone";
			};
			name = Debug;
		};
		BDFDC6ED23450F6800DE5F41 /* Release */ = {
			isa = XCBuildConfiguration;
			buildSettings = {
				ALWAYS_SEARCH_USER_PATHS = NO;
				CLANG_ANALYZER_NONNULL = YES;
				CLANG_ANALYZER_NUMBER_OBJECT_CONVERSION = YES_AGGRESSIVE;
				CLANG_CXX_LANGUAGE_STANDARD = "gnu++14";
				CLANG_CXX_LIBRARY = "libc++";
				CLANG_ENABLE_MODULES = YES;
				CLANG_ENABLE_OBJC_ARC = YES;
				CLANG_ENABLE_OBJC_WEAK = YES;
				CLANG_WARN_BLOCK_CAPTURE_AUTORELEASING = YES;
				CLANG_WARN_BOOL_CONVERSION = YES;
				CLANG_WARN_COMMA = YES;
				CLANG_WARN_CONSTANT_CONVERSION = YES;
				CLANG_WARN_DEPRECATED_OBJC_IMPLEMENTATIONS = YES;
				CLANG_WARN_DIRECT_OBJC_ISA_USAGE = YES_ERROR;
				CLANG_WARN_DOCUMENTATION_COMMENTS = YES;
				CLANG_WARN_EMPTY_BODY = YES;
				CLANG_WARN_ENUM_CONVERSION = YES;
				CLANG_WARN_INFINITE_RECURSION = YES;
				CLANG_WARN_INT_CONVERSION = YES;
				CLANG_WARN_NON_LITERAL_NULL_CONVERSION = YES;
				CLANG_WARN_OBJC_IMPLICIT_RETAIN_SELF = YES;
				CLANG_WARN_OBJC_LITERAL_CONVERSION = YES;
				CLANG_WARN_OBJC_ROOT_CLASS = YES_ERROR;
				CLANG_WARN_RANGE_LOOP_ANALYSIS = YES;
				CLANG_WARN_STRICT_PROTOTYPES = YES;
				CLANG_WARN_SUSPICIOUS_MOVE = YES;
				CLANG_WARN_UNGUARDED_AVAILABILITY = YES_AGGRESSIVE;
				CLANG_WARN_UNREACHABLE_CODE = YES;
				CLANG_WARN__DUPLICATE_METHOD_MATCH = YES;
				CODE_SIGN_IDENTITY = "iPhone Developer";
				COPY_PHASE_STRIP = NO;
				DEBUG_INFORMATION_FORMAT = "dwarf-with-dsym";
				ENABLE_NS_ASSERTIONS = NO;
				ENABLE_STRICT_OBJC_MSGSEND = YES;
				GCC_C_LANGUAGE_STANDARD = gnu11;
				GCC_NO_COMMON_BLOCKS = YES;
				GCC_WARN_64_TO_32_BIT_CONVERSION = YES;
				GCC_WARN_ABOUT_RETURN_TYPE = YES_ERROR;
				GCC_WARN_UNDECLARED_SELECTOR = YES;
				GCC_WARN_UNINITIALIZED_AUTOS = YES_AGGRESSIVE;
				GCC_WARN_UNUSED_FUNCTION = YES;
				GCC_WARN_UNUSED_VARIABLE = YES;
				IPHONEOS_DEPLOYMENT_TARGET = 12.4;
				MTL_ENABLE_DEBUG_INFO = NO;
				MTL_FAST_MATH = YES;
				SDKROOT = iphoneos;
				SWIFT_COMPILATION_MODE = wholemodule;
				SWIFT_OPTIMIZATION_LEVEL = "-O";
				VALIDATE_PRODUCT = YES;
			};
			name = Release;
		};
		BDFDC6EF23450F6800DE5F41 /* Debug */ = {
			isa = XCBuildConfiguration;
			buildSettings = {
				ASSETCATALOG_COMPILER_APPICON_NAME = AppIcon;
				CODE_SIGN_STYLE = Automatic;
				DEVELOPMENT_TEAM = DVMDCJRNKS;
				INFOPLIST_FILE = ComponentsSample/Info.plist;
				LD_RUNPATH_SEARCH_PATHS = (
					"$(inherited)",
					"@executable_path/Frameworks",
				);
				PRODUCT_BUNDLE_IDENTIFIER = br.com.bootcamp.set2019.ComponentsSample;
				PRODUCT_NAME = "$(TARGET_NAME)";
				SWIFT_VERSION = 5.0;
				TARGETED_DEVICE_FAMILY = "1,2";
			};
			name = Debug;
		};
		BDFDC6F023450F6800DE5F41 /* Release */ = {
			isa = XCBuildConfiguration;
			buildSettings = {
				ASSETCATALOG_COMPILER_APPICON_NAME = AppIcon;
				CODE_SIGN_STYLE = Automatic;
				DEVELOPMENT_TEAM = DVMDCJRNKS;
				INFOPLIST_FILE = ComponentsSample/Info.plist;
				LD_RUNPATH_SEARCH_PATHS = (
					"$(inherited)",
					"@executable_path/Frameworks",
				);
				PRODUCT_BUNDLE_IDENTIFIER = br.com.bootcamp.set2019.ComponentsSample;
				PRODUCT_NAME = "$(TARGET_NAME)";
				SWIFT_VERSION = 5.0;
				TARGETED_DEVICE_FAMILY = "1,2";
			};
			name = Release;
		};
		BDFDC6F223450F6800DE5F41 /* Debug */ = {
			isa = XCBuildConfiguration;
			buildSettings = {
				ALWAYS_EMBED_SWIFT_STANDARD_LIBRARIES = YES;
				BUNDLE_LOADER = "$(TEST_HOST)";
				CODE_SIGN_STYLE = Automatic;
				DEVELOPMENT_TEAM = DVMDCJRNKS;
				INFOPLIST_FILE = ComponentsSampleTests/Info.plist;
				LD_RUNPATH_SEARCH_PATHS = (
					"$(inherited)",
					"@executable_path/Frameworks",
					"@loader_path/Frameworks",
				);
				PRODUCT_BUNDLE_IDENTIFIER = br.com.bootcamp.set2019.ComponentsSampleTests;
				PRODUCT_NAME = "$(TARGET_NAME)";
				SWIFT_VERSION = 5.0;
				TARGETED_DEVICE_FAMILY = "1,2";
				TEST_HOST = "$(BUILT_PRODUCTS_DIR)/ComponentsSample.app/ComponentsSample";
			};
			name = Debug;
		};
		BDFDC6F323450F6800DE5F41 /* Release */ = {
			isa = XCBuildConfiguration;
			buildSettings = {
				ALWAYS_EMBED_SWIFT_STANDARD_LIBRARIES = YES;
				BUNDLE_LOADER = "$(TEST_HOST)";
				CODE_SIGN_STYLE = Automatic;
				DEVELOPMENT_TEAM = DVMDCJRNKS;
				INFOPLIST_FILE = ComponentsSampleTests/Info.plist;
				LD_RUNPATH_SEARCH_PATHS = (
					"$(inherited)",
					"@executable_path/Frameworks",
					"@loader_path/Frameworks",
				);
				PRODUCT_BUNDLE_IDENTIFIER = br.com.bootcamp.set2019.ComponentsSampleTests;
				PRODUCT_NAME = "$(TARGET_NAME)";
				SWIFT_VERSION = 5.0;
				TARGETED_DEVICE_FAMILY = "1,2";
				TEST_HOST = "$(BUILT_PRODUCTS_DIR)/ComponentsSample.app/ComponentsSample";
			};
			name = Release;
		};
/* End XCBuildConfiguration section */

/* Begin XCConfigurationList section */
		BDFDC6CC23450F6800DE5F41 /* Build configuration list for PBXProject "ComponentsSample" */ = {
			isa = XCConfigurationList;
			buildConfigurations = (
				BDFDC6EC23450F6800DE5F41 /* Debug */,
				BDFDC6ED23450F6800DE5F41 /* Release */,
			);
			defaultConfigurationIsVisible = 0;
			defaultConfigurationName = Release;
		};
		BDFDC6EE23450F6800DE5F41 /* Build configuration list for PBXNativeTarget "ComponentsSample" */ = {
			isa = XCConfigurationList;
			buildConfigurations = (
				BDFDC6EF23450F6800DE5F41 /* Debug */,
				BDFDC6F023450F6800DE5F41 /* Release */,
			);
			defaultConfigurationIsVisible = 0;
			defaultConfigurationName = Release;
		};
		BDFDC6F123450F6800DE5F41 /* Build configuration list for PBXNativeTarget "ComponentsSampleTests" */ = {
			isa = XCConfigurationList;
			buildConfigurations = (
				BDFDC6F223450F6800DE5F41 /* Debug */,
				BDFDC6F323450F6800DE5F41 /* Release */,
			);
			defaultConfigurationIsVisible = 0;
			defaultConfigurationName = Release;
		};
/* End XCConfigurationList section */
	};
	rootObject = BDFDC6C923450F6800DE5F41 /* Project object */;
}
