// !$*UTF8*$!
{
	archiveVersion = 1;
	classes = {
	};
	objectVersion = 50;
	objects = {

/* Begin PBXBuildFile section */
		BD2F0C742344C4EA00F26D43 /* Components.framework in Frameworks */ = {isa = PBXBuildFile; fileRef = BD2F0C6A2344C4EA00F26D43 /* Components.framework */; };
		BD2F0C792344C4EA00F26D43 /* ComponentsTests.swift in Sources */ = {isa = PBXBuildFile; fileRef = BD2F0C782344C4EA00F26D43 /* ComponentsTests.swift */; };
		BD2F0C7B2344C4EA00F26D43 /* Components.h in Headers */ = {isa = PBXBuildFile; fileRef = BD2F0C6D2344C4EA00F26D43 /* Components.h */; settings = {ATTRIBUTES = (Public, ); }; };
		BD2F0C8C2344C6FD00F26D43 /* Resources.framework in Frameworks */ = {isa = PBXBuildFile; fileRef = BD2F0C8A2344C6EA00F26D43 /* Resources.framework */; };
/* End PBXBuildFile section */

/* Begin PBXContainerItemProxy section */
		BD2F0C752344C4EA00F26D43 /* PBXContainerItemProxy */ = {
			isa = PBXContainerItemProxy;
			containerPortal = BD2F0C612344C4EA00F26D43 /* Project object */;
			proxyType = 1;
			remoteGlobalIDString = BD2F0C692344C4EA00F26D43;
			remoteInfo = Components;
		};
		BD2F0C892344C6EA00F26D43 /* PBXContainerItemProxy */ = {
			isa = PBXContainerItemProxy;
			containerPortal = BD2F0C852344C6EA00F26D43 /* Resources.xcodeproj */;
			proxyType = 2;
			remoteGlobalIDString = BD2F0C452344C00900F26D43;
			remoteInfo = Resources;
		};
		BDEDD4DC2344CC2900E85D21 /* PBXContainerItemProxy */ = {
			isa = PBXContainerItemProxy;
			containerPortal = BDEDD4D62344CC2800E85D21 /* Sample.xcodeproj */;
			proxyType = 2;
			remoteGlobalIDString = BDEDD4B32344CC2700E85D21;
			remoteInfo = Sample;
		};
		BDEDD4DE2344CC2900E85D21 /* PBXContainerItemProxy */ = {
			isa = PBXContainerItemProxy;
			containerPortal = BDEDD4D62344CC2800E85D21 /* Sample.xcodeproj */;
			proxyType = 2;
			remoteGlobalIDString = BDEDD4C72344CC2800E85D21;
			remoteInfo = SampleTests;
		};
/* End PBXContainerItemProxy section */

/* Begin PBXFileReference section */
		BD2F0C6A2344C4EA00F26D43 /* Components.framework */ = {isa = PBXFileReference; explicitFileType = wrapper.framework; includeInIndex = 0; path = Components.framework; sourceTree = BUILT_PRODUCTS_DIR; };
		BD2F0C6D2344C4EA00F26D43 /* Components.h */ = {isa = PBXFileReference; lastKnownFileType = sourcecode.c.h; path = Components.h; sourceTree = "<group>"; };
		BD2F0C6E2344C4EA00F26D43 /* Info.plist */ = {isa = PBXFileReference; lastKnownFileType = text.plist.xml; path = Info.plist; sourceTree = "<group>"; };
		BD2F0C732344C4EA00F26D43 /* ComponentsTests.xctest */ = {isa = PBXFileReference; explicitFileType = wrapper.cfbundle; includeInIndex = 0; path = ComponentsTests.xctest; sourceTree = BUILT_PRODUCTS_DIR; };
		BD2F0C782344C4EA00F26D43 /* ComponentsTests.swift */ = {isa = PBXFileReference; lastKnownFileType = sourcecode.swift; path = ComponentsTests.swift; sourceTree = "<group>"; };
		BD2F0C7A2344C4EA00F26D43 /* Info.plist */ = {isa = PBXFileReference; lastKnownFileType = text.plist.xml; path = Info.plist; sourceTree = "<group>"; };
		BD2F0C852344C6EA00F26D43 /* Resources.xcodeproj */ = {isa = PBXFileReference; lastKnownFileType = "wrapper.pb-project"; name = Resources.xcodeproj; path = "bootcamp-resources/Resources.xcodeproj"; sourceTree = "<group>"; };
		BDEDD4D62344CC2800E85D21 /* Sample.xcodeproj */ = {isa = PBXFileReference; lastKnownFileType = "wrapper.pb-project"; name = Sample.xcodeproj; path = Sample/Sample.xcodeproj; sourceTree = "<group>"; };
/* End PBXFileReference section */

/* Begin PBXFrameworksBuildPhase section */
		BD2F0C672344C4EA00F26D43 /* Frameworks */ = {
			isa = PBXFrameworksBuildPhase;
			buildActionMask = 2147483647;
			files = (
				BD2F0C8C2344C6FD00F26D43 /* Resources.framework in Frameworks */,
			);
			runOnlyForDeploymentPostprocessing = 0;
		};
		BD2F0C702344C4EA00F26D43 /* Frameworks */ = {
			isa = PBXFrameworksBuildPhase;
			buildActionMask = 2147483647;
			files = (
				BD2F0C742344C4EA00F26D43 /* Components.framework in Frameworks */,
			);
			runOnlyForDeploymentPostprocessing = 0;
		};
/* End PBXFrameworksBuildPhase section */

/* Begin PBXGroup section */
		BD2F0C602344C4EA00F26D43 = {
			isa = PBXGroup;
			children = (
				BDEDD4D62344CC2800E85D21 /* Sample.xcodeproj */,
				BD2F0C842344C54400F26D43 /* Submodules */,
				BD2F0C6C2344C4EA00F26D43 /* Components */,
				BD2F0C772344C4EA00F26D43 /* ComponentsTests */,
				BD2F0C6B2344C4EA00F26D43 /* Products */,
				BD2F0C8B2344C6FD00F26D43 /* Frameworks */,
			);
			sourceTree = "<group>";
		};
		BD2F0C6B2344C4EA00F26D43 /* Products */ = {
			isa = PBXGroup;
			children = (
				BD2F0C6A2344C4EA00F26D43 /* Components.framework */,
				BD2F0C732344C4EA00F26D43 /* ComponentsTests.xctest */,
			);
			name = Products;
			sourceTree = "<group>";
		};
		BD2F0C6C2344C4EA00F26D43 /* Components */ = {
			isa = PBXGroup;
			children = (
				BD2F0C6D2344C4EA00F26D43 /* Components.h */,
				BD2F0C6E2344C4EA00F26D43 /* Info.plist */,
			);
			path = Components;
			sourceTree = "<group>";
		};
		BD2F0C772344C4EA00F26D43 /* ComponentsTests */ = {
			isa = PBXGroup;
			children = (
				BD2F0C782344C4EA00F26D43 /* ComponentsTests.swift */,
				BD2F0C7A2344C4EA00F26D43 /* Info.plist */,
			);
			path = ComponentsTests;
			sourceTree = "<group>";
		};
		BD2F0C842344C54400F26D43 /* Submodules */ = {
			isa = PBXGroup;
			children = (
				BD2F0C852344C6EA00F26D43 /* Resources.xcodeproj */,
			);
			path = Submodules;
			sourceTree = "<group>";
		};
		BD2F0C862344C6EA00F26D43 /* Products */ = {
			isa = PBXGroup;
			children = (
				BD2F0C8A2344C6EA00F26D43 /* Resources.framework */,
			);
			name = Products;
			sourceTree = "<group>";
		};
		BD2F0C8B2344C6FD00F26D43 /* Frameworks */ = {
			isa = PBXGroup;
			children = (
			);
			name = Frameworks;
			sourceTree = "<group>";
		};
		BDEDD4D72344CC2800E85D21 /* Products */ = {
			isa = PBXGroup;
			children = (
				BDEDD4DD2344CC2900E85D21 /* Sample.app */,
				BDEDD4DF2344CC2900E85D21 /* SampleTests.xctest */,
			);
			name = Products;
			sourceTree = "<group>";
		};
/* End PBXGroup section */

/* Begin PBXHeadersBuildPhase section */
		BD2F0C652344C4EA00F26D43 /* Headers */ = {
			isa = PBXHeadersBuildPhase;
			buildActionMask = 2147483647;
			files = (
				BD2F0C7B2344C4EA00F26D43 /* Components.h in Headers */,
			);
			runOnlyForDeploymentPostprocessing = 0;
		};
/* End PBXHeadersBuildPhase section */

/* Begin PBXNativeTarget section */
		BD2F0C692344C4EA00F26D43 /* Components */ = {
			isa = PBXNativeTarget;
			buildConfigurationList = BD2F0C7E2344C4EA00F26D43 /* Build configuration list for PBXNativeTarget "Components" */;
			buildPhases = (
				BD2F0C652344C4EA00F26D43 /* Headers */,
				BD2F0C662344C4EA00F26D43 /* Sources */,
				BD2F0C672344C4EA00F26D43 /* Frameworks */,
				BD2F0C682344C4EA00F26D43 /* Resources */,
			);
			buildRules = (
			);
			dependencies = (
			);
			name = Components;
			productName = Components;
			productReference = BD2F0C6A2344C4EA00F26D43 /* Components.framework */;
			productType = "com.apple.product-type.framework";
		};
		BD2F0C722344C4EA00F26D43 /* ComponentsTests */ = {
			isa = PBXNativeTarget;
			buildConfigurationList = BD2F0C812344C4EA00F26D43 /* Build configuration list for PBXNativeTarget "ComponentsTests" */;
			buildPhases = (
				BD2F0C6F2344C4EA00F26D43 /* Sources */,
				BD2F0C702344C4EA00F26D43 /* Frameworks */,
				BD2F0C712344C4EA00F26D43 /* Resources */,
			);
			buildRules = (
			);
			dependencies = (
				BD2F0C762344C4EA00F26D43 /* PBXTargetDependency */,
			);
			name = ComponentsTests;
			productName = ComponentsTests;
			productReference = BD2F0C732344C4EA00F26D43 /* ComponentsTests.xctest */;
			productType = "com.apple.product-type.bundle.unit-test";
		};
/* End PBXNativeTarget section */

/* Begin PBXProject section */
		BD2F0C612344C4EA00F26D43 /* Project object */ = {
			isa = PBXProject;
			attributes = {
				LastSwiftUpdateCheck = 1030;
				LastUpgradeCheck = 1030;
				ORGANIZATIONNAME = "BootcampCS-Set2019";
				TargetAttributes = {
					BD2F0C692344C4EA00F26D43 = {
						CreatedOnToolsVersion = 10.3;
						LastSwiftMigration = 1030;
					};
					BD2F0C722344C4EA00F26D43 = {
						CreatedOnToolsVersion = 10.3;
					};
				};
			};
			buildConfigurationList = BD2F0C642344C4EA00F26D43 /* Build configuration list for PBXProject "Components" */;
			compatibilityVersion = "Xcode 9.3";
			developmentRegion = en;
			hasScannedForEncodings = 0;
			knownRegions = (
				en,
			);
			mainGroup = BD2F0C602344C4EA00F26D43;
			productRefGroup = BD2F0C6B2344C4EA00F26D43 /* Products */;
			projectDirPath = "";
			projectReferences = (
				{
					ProductGroup = BD2F0C862344C6EA00F26D43 /* Products */;
					ProjectRef = BD2F0C852344C6EA00F26D43 /* Resources.xcodeproj */;
				},
				{
					ProductGroup = BDEDD4D72344CC2800E85D21 /* Products */;
					ProjectRef = BDEDD4D62344CC2800E85D21 /* Sample.xcodeproj */;
				},
			);
			projectRoot = "";
			targets = (
				BD2F0C692344C4EA00F26D43 /* Components */,
				BD2F0C722344C4EA00F26D43 /* ComponentsTests */,
			);
		};
/* End PBXProject section */

/* Begin PBXReferenceProxy section */
		BD2F0C8A2344C6EA00F26D43 /* Resources.framework */ = {
			isa = PBXReferenceProxy;
			fileType = wrapper.framework;
			path = Resources.framework;
			remoteRef = BD2F0C892344C6EA00F26D43 /* PBXContainerItemProxy */;
			sourceTree = BUILT_PRODUCTS_DIR;
		};
		BDEDD4DD2344CC2900E85D21 /* Sample.app */ = {
			isa = PBXReferenceProxy;
			fileType = wrapper.application;
			path = Sample.app;
			remoteRef = BDEDD4DC2344CC2900E85D21 /* PBXContainerItemProxy */;
			sourceTree = BUILT_PRODUCTS_DIR;
		};
		BDEDD4DF2344CC2900E85D21 /* SampleTests.xctest */ = {
			isa = PBXReferenceProxy;
			fileType = wrapper.cfbundle;
			path = SampleTests.xctest;
			remoteRef = BDEDD4DE2344CC2900E85D21 /* PBXContainerItemProxy */;
			sourceTree = BUILT_PRODUCTS_DIR;
		};
/* End PBXReferenceProxy section */

/* Begin PBXResourcesBuildPhase section */
		BD2F0C682344C4EA00F26D43 /* Resources */ = {
			isa = PBXResourcesBuildPhase;
			buildActionMask = 2147483647;
			files = (
			);
			runOnlyForDeploymentPostprocessing = 0;
		};
		BD2F0C712344C4EA00F26D43 /* Resources */ = {
			isa = PBXResourcesBuildPhase;
			buildActionMask = 2147483647;
			files = (
			);
			runOnlyForDeploymentPostprocessing = 0;
		};
/* End PBXResourcesBuildPhase section */

/* Begin PBXSourcesBuildPhase section */
		BD2F0C662344C4EA00F26D43 /* Sources */ = {
			isa = PBXSourcesBuildPhase;
			buildActionMask = 2147483647;
			files = (
			);
			runOnlyForDeploymentPostprocessing = 0;
		};
		BD2F0C6F2344C4EA00F26D43 /* Sources */ = {
			isa = PBXSourcesBuildPhase;
			buildActionMask = 2147483647;
			files = (
				BD2F0C792344C4EA00F26D43 /* ComponentsTests.swift in Sources */,
			);
			runOnlyForDeploymentPostprocessing = 0;
		};
/* End PBXSourcesBuildPhase section */

/* Begin PBXTargetDependency section */
		BD2F0C762344C4EA00F26D43 /* PBXTargetDependency */ = {
			isa = PBXTargetDependency;
			target = BD2F0C692344C4EA00F26D43 /* Components */;
			targetProxy = BD2F0C752344C4EA00F26D43 /* PBXContainerItemProxy */;
		};
/* End PBXTargetDependency section */

/* Begin XCBuildConfiguration section */
		BD2F0C7C2344C4EA00F26D43 /* Debug */ = {
			isa = XCBuildConfiguration;
			buildSettings = {
				ALWAYS_SEARCH_USER_PATHS = NO;
				CLANG_ANALYZER_NONNULL = YES;
				CLANG_ANALYZER_NUMBER_OBJECT_CONVERSION = YES_AGGRESSIVE;
				CLANG_CXX_LANGUAGE_STANDARD = "gnu++14";
				CLANG_CXX_LIBRARY = "libc++";
				CLANG_ENABLE_MODULES = YES;
				CLANG_ENABLE_OBJC_ARC = YES;
				CLANG_ENABLE_OBJC_WEAK = YES;
				CLANG_WARN_BLOCK_CAPTURE_AUTORELEASING = YES;
				CLANG_WARN_BOOL_CONVERSION = YES;
				CLANG_WARN_COMMA = YES;
				CLANG_WARN_CONSTANT_CONVERSION = YES;
				CLANG_WARN_DEPRECATED_OBJC_IMPLEMENTATIONS = YES;
				CLANG_WARN_DIRECT_OBJC_ISA_USAGE = YES_ERROR;
				CLANG_WARN_DOCUMENTATION_COMMENTS = YES;
				CLANG_WARN_EMPTY_BODY = YES;
				CLANG_WARN_ENUM_CONVERSION = YES;
				CLANG_WARN_INFINITE_RECURSION = YES;
				CLANG_WARN_INT_CONVERSION = YES;
				CLANG_WARN_NON_LITERAL_NULL_CONVERSION = YES;
				CLANG_WARN_OBJC_IMPLICIT_RETAIN_SELF = YES;
				CLANG_WARN_OBJC_LITERAL_CONVERSION = YES;
				CLANG_WARN_OBJC_ROOT_CLASS = YES_ERROR;
				CLANG_WARN_RANGE_LOOP_ANALYSIS = YES;
				CLANG_WARN_STRICT_PROTOTYPES = YES;
				CLANG_WARN_SUSPICIOUS_MOVE = YES;
				CLANG_WARN_UNGUARDED_AVAILABILITY = YES_AGGRESSIVE;
				CLANG_WARN_UNREACHABLE_CODE = YES;
				CLANG_WARN__DUPLICATE_METHOD_MATCH = YES;
				CODE_SIGN_IDENTITY = "iPhone Developer";
				COPY_PHASE_STRIP = NO;
				CURRENT_PROJECT_VERSION = 1;
				DEBUG_INFORMATION_FORMAT = dwarf;
				ENABLE_STRICT_OBJC_MSGSEND = YES;
				ENABLE_TESTABILITY = YES;
				GCC_C_LANGUAGE_STANDARD = gnu11;
				GCC_DYNAMIC_NO_PIC = NO;
				GCC_NO_COMMON_BLOCKS = YES;
				GCC_OPTIMIZATION_LEVEL = 0;
				GCC_PREPROCESSOR_DEFINITIONS = (
					"DEBUG=1",
					"$(inherited)",
				);
				GCC_WARN_64_TO_32_BIT_CONVERSION = YES;
				GCC_WARN_ABOUT_RETURN_TYPE = YES_ERROR;
				GCC_WARN_UNDECLARED_SELECTOR = YES;
				GCC_WARN_UNINITIALIZED_AUTOS = YES_AGGRESSIVE;
				GCC_WARN_UNUSED_FUNCTION = YES;
				GCC_WARN_UNUSED_VARIABLE = YES;
				IPHONEOS_DEPLOYMENT_TARGET = 12.4;
				MTL_ENABLE_DEBUG_INFO = INCLUDE_SOURCE;
				MTL_FAST_MATH = YES;
				ONLY_ACTIVE_ARCH = YES;
				SDKROOT = iphoneos;
				SWIFT_ACTIVE_COMPILATION_CONDITIONS = DEBUG;
				SWIFT_OPTIMIZATION_LEVEL = "-Onone";
				VERSIONING_SYSTEM = "apple-generic";
				VERSION_INFO_PREFIX = "";
			};
			name = Debug;
		};
		BD2F0C7D2344C4EA00F26D43 /* Release */ = {
			isa = XCBuildConfiguration;
			buildSettings = {
				ALWAYS_SEARCH_USER_PATHS = NO;
				CLANG_ANALYZER_NONNULL = YES;
				CLANG_ANALYZER_NUMBER_OBJECT_CONVERSION = YES_AGGRESSIVE;
				CLANG_CXX_LANGUAGE_STANDARD = "gnu++14";
				CLANG_CXX_LIBRARY = "libc++";
				CLANG_ENABLE_MODULES = YES;
				CLANG_ENABLE_OBJC_ARC = YES;
				CLANG_ENABLE_OBJC_WEAK = YES;
				CLANG_WARN_BLOCK_CAPTURE_AUTORELEASING = YES;
				CLANG_WARN_BOOL_CONVERSION = YES;
				CLANG_WARN_COMMA = YES;
				CLANG_WARN_CONSTANT_CONVERSION = YES;
				CLANG_WARN_DEPRECATED_OBJC_IMPLEMENTATIONS = YES;
				CLANG_WARN_DIRECT_OBJC_ISA_USAGE = YES_ERROR;
				CLANG_WARN_DOCUMENTATION_COMMENTS = YES;
				CLANG_WARN_EMPTY_BODY = YES;
				CLANG_WARN_ENUM_CONVERSION = YES;
				CLANG_WARN_INFINITE_RECURSION = YES;
				CLANG_WARN_INT_CONVERSION = YES;
				CLANG_WARN_NON_LITERAL_NULL_CONVERSION = YES;
				CLANG_WARN_OBJC_IMPLICIT_RETAIN_SELF = YES;
				CLANG_WARN_OBJC_LITERAL_CONVERSION = YES;
				CLANG_WARN_OBJC_ROOT_CLASS = YES_ERROR;
				CLANG_WARN_RANGE_LOOP_ANALYSIS = YES;
				CLANG_WARN_STRICT_PROTOTYPES = YES;
				CLANG_WARN_SUSPICIOUS_MOVE = YES;
				CLANG_WARN_UNGUARDED_AVAILABILITY = YES_AGGRESSIVE;
				CLANG_WARN_UNREACHABLE_CODE = YES;
				CLANG_WARN__DUPLICATE_METHOD_MATCH = YES;
				CODE_SIGN_IDENTITY = "iPhone Developer";
				COPY_PHASE_STRIP = NO;
				CURRENT_PROJECT_VERSION = 1;
				DEBUG_INFORMATION_FORMAT = "dwarf-with-dsym";
				ENABLE_NS_ASSERTIONS = NO;
				ENABLE_STRICT_OBJC_MSGSEND = YES;
				GCC_C_LANGUAGE_STANDARD = gnu11;
				GCC_NO_COMMON_BLOCKS = YES;
				GCC_WARN_64_TO_32_BIT_CONVERSION = YES;
				GCC_WARN_ABOUT_RETURN_TYPE = YES_ERROR;
				GCC_WARN_UNDECLARED_SELECTOR = YES;
				GCC_WARN_UNINITIALIZED_AUTOS = YES_AGGRESSIVE;
				GCC_WARN_UNUSED_FUNCTION = YES;
				GCC_WARN_UNUSED_VARIABLE = YES;
				IPHONEOS_DEPLOYMENT_TARGET = 12.4;
				MTL_ENABLE_DEBUG_INFO = NO;
				MTL_FAST_MATH = YES;
				SDKROOT = iphoneos;
				SWIFT_COMPILATION_MODE = wholemodule;
				SWIFT_OPTIMIZATION_LEVEL = "-O";
				VALIDATE_PRODUCT = YES;
				VERSIONING_SYSTEM = "apple-generic";
				VERSION_INFO_PREFIX = "";
			};
			name = Release;
		};
		BD2F0C7F2344C4EA00F26D43 /* Debug */ = {
			isa = XCBuildConfiguration;
			buildSettings = {
				CLANG_ENABLE_MODULES = YES;
				CODE_SIGN_IDENTITY = "";
				CODE_SIGN_STYLE = Automatic;
				DEFINES_MODULE = YES;
				DEVELOPMENT_TEAM = DVMDCJRNKS;
				DYLIB_COMPATIBILITY_VERSION = 1;
				DYLIB_CURRENT_VERSION = 1;
				DYLIB_INSTALL_NAME_BASE = "@rpath";
				INFOPLIST_FILE = Components/Info.plist;
				INSTALL_PATH = "$(LOCAL_LIBRARY_DIR)/Frameworks";
				LD_RUNPATH_SEARCH_PATHS = (
					"$(inherited)",
					"@executable_path/Frameworks",
					"@loader_path/Frameworks",
				);
				PRODUCT_BUNDLE_IDENTIFIER = br.com.bootcamp.set2019.Components;
				PRODUCT_NAME = "$(TARGET_NAME:c99extidentifier)";
				SKIP_INSTALL = YES;
				SWIFT_OPTIMIZATION_LEVEL = "-Onone";
				SWIFT_VERSION = 5.0;
				TARGETED_DEVICE_FAMILY = "1,2";
			};
			name = Debug;
		};
		BD2F0C802344C4EA00F26D43 /* Release */ = {
			isa = XCBuildConfiguration;
			buildSettings = {
				CLANG_ENABLE_MODULES = YES;
				CODE_SIGN_IDENTITY = "";
				CODE_SIGN_STYLE = Automatic;
				DEFINES_MODULE = YES;
				DEVELOPMENT_TEAM = DVMDCJRNKS;
				DYLIB_COMPATIBILITY_VERSION = 1;
				DYLIB_CURRENT_VERSION = 1;
				DYLIB_INSTALL_NAME_BASE = "@rpath";
				INFOPLIST_FILE = Components/Info.plist;
				INSTALL_PATH = "$(LOCAL_LIBRARY_DIR)/Frameworks";
				LD_RUNPATH_SEARCH_PATHS = (
					"$(inherited)",
					"@executable_path/Frameworks",
					"@loader_path/Frameworks",
				);
				PRODUCT_BUNDLE_IDENTIFIER = br.com.bootcamp.set2019.Components;
				PRODUCT_NAME = "$(TARGET_NAME:c99extidentifier)";
				SKIP_INSTALL = YES;
				SWIFT_VERSION = 5.0;
				TARGETED_DEVICE_FAMILY = "1,2";
			};
			name = Release;
		};
		BD2F0C822344C4EA00F26D43 /* Debug */ = {
			isa = XCBuildConfiguration;
			buildSettings = {
				CODE_SIGN_STYLE = Automatic;
				DEVELOPMENT_TEAM = DVMDCJRNKS;
				INFOPLIST_FILE = ComponentsTests/Info.plist;
				LD_RUNPATH_SEARCH_PATHS = (
					"$(inherited)",
					"@executable_path/Frameworks",
					"@loader_path/Frameworks",
				);
				PRODUCT_BUNDLE_IDENTIFIER = br.com.bootcamp.set2019.ComponentsTests;
				PRODUCT_NAME = "$(TARGET_NAME)";
				SWIFT_VERSION = 5.0;
				TARGETED_DEVICE_FAMILY = "1,2";
			};
			name = Debug;
		};
		BD2F0C832344C4EA00F26D43 /* Release */ = {
			isa = XCBuildConfiguration;
			buildSettings = {
				CODE_SIGN_STYLE = Automatic;
				DEVELOPMENT_TEAM = DVMDCJRNKS;
				INFOPLIST_FILE = ComponentsTests/Info.plist;
				LD_RUNPATH_SEARCH_PATHS = (
					"$(inherited)",
					"@executable_path/Frameworks",
					"@loader_path/Frameworks",
				);
				PRODUCT_BUNDLE_IDENTIFIER = br.com.bootcamp.set2019.ComponentsTests;
				PRODUCT_NAME = "$(TARGET_NAME)";
				SWIFT_VERSION = 5.0;
				TARGETED_DEVICE_FAMILY = "1,2";
			};
			name = Release;
		};
/* End XCBuildConfiguration section */

/* Begin XCConfigurationList section */
		BD2F0C642344C4EA00F26D43 /* Build configuration list for PBXProject "Components" */ = {
			isa = XCConfigurationList;
			buildConfigurations = (
				BD2F0C7C2344C4EA00F26D43 /* Debug */,
				BD2F0C7D2344C4EA00F26D43 /* Release */,
			);
			defaultConfigurationIsVisible = 0;
			defaultConfigurationName = Release;
		};
		BD2F0C7E2344C4EA00F26D43 /* Build configuration list for PBXNativeTarget "Components" */ = {
			isa = XCConfigurationList;
			buildConfigurations = (
				BD2F0C7F2344C4EA00F26D43 /* Debug */,
				BD2F0C802344C4EA00F26D43 /* Release */,
			);
			defaultConfigurationIsVisible = 0;
			defaultConfigurationName = Release;
		};
		BD2F0C812344C4EA00F26D43 /* Build configuration list for PBXNativeTarget "ComponentsTests" */ = {
			isa = XCConfigurationList;
			buildConfigurations = (
				BD2F0C822344C4EA00F26D43 /* Debug */,
				BD2F0C832344C4EA00F26D43 /* Release */,
			);
			defaultConfigurationIsVisible = 0;
			defaultConfigurationName = Release;
		};
/* End XCConfigurationList section */
	};
	rootObject = BD2F0C612344C4EA00F26D43 /* Project object */;
}
